
Microsoft Visual Studio Solution File, Format Version 12.00
# Visual Studio Version 16
VisualStudioVersion = 16.0.30907.101
MinimumVisualStudioVersion = 10.0.40219.1
Project("{2150E333-8FDC-42A3-9474-1A3956D46DE8}") = "01. Clients", "01. Clients", "{615EA6B7-5276-4D49-848E-E9BFDD48AA21}"
EndProject
Project("{2150E333-8FDC-42A3-9474-1A3956D46DE8}") = "02. Api.Gateways", "02. Api.Gateways", "{15D6C936-330A-41F7-803D-5CB1A4C3C668}"
EndProject
Project("{2150E333-8FDC-42A3-9474-1A3956D46DE8}") = "03. Services", "03. Services", "{28F9733F-0D3D-449B-B0EE-A709F3CEDA96}"
EndProject
Project("{2150E333-8FDC-42A3-9474-1A3956D46DE8}") = "01. Identity", "01. Identity", "{E1E042EE-EB0C-4CB9-800A-BA2C4351E9E1}"
EndProject
Project("{2150E333-8FDC-42A3-9474-1A3956D46DE8}") = "02. Generator", "02. Generator", "{79629E1D-1758-41B7-A08B-5AF42F1F99D8}"
EndProject
Project("{2150E333-8FDC-42A3-9474-1A3956D46DE8}") = "03. Optimizer", "03. Optimizer", "{F5B43061-22EC-4160-9E88-9BEBC6F0E366}"
EndProject
Project("{2150E333-8FDC-42A3-9474-1A3956D46DE8}") = "04. Seeker", "04. Seeker", "{04203D90-C67B-4400-875B-F5A5B1846264}"
EndProject
Project("{2150E333-8FDC-42A3-9474-1A3956D46DE8}") = "01. Api", "01. Api", "{877924EB-C329-4126-8425-47DC849865DD}"
EndProject
Project("{2150E333-8FDC-42A3-9474-1A3956D46DE8}") = "02. Services", "02. Services", "{2F49DD0E-5AC5-479D-BD04-BD62A68D27F9}"
EndProject
Project("{2150E333-8FDC-42A3-9474-1A3956D46DE8}") = "03. Persistence", "03. Persistence", "{D740DD3F-A70C-433A-8467-3FE241AE78AE}"
EndProject
Project("{2150E333-8FDC-42A3-9474-1A3956D46DE8}") = "04. Models", "04. Models", "{8214CD17-91A6-45B9-908A-D10EECB068B1}"
EndProject
Project("{9A19103F-16F7-4668-BE54-9A1E7A4F7556}") = "Api.Seeker", "src\Services\Seeker\Api.Seeker\Api.Seeker.csproj", "{62E0E379-9EB7-41B3-9273-B285BD7960EC}"
EndProject
Project("{9A19103F-16F7-4668-BE54-9A1E7A4F7556}") = "Seeker.Domain", "src\Services\Seeker\Seeker.Domain\Seeker.Domain.csproj", "{5661E6CB-D866-494C-92A7-8A99B1BBB59A}"
EndProject
Project("{9A19103F-16F7-4668-BE54-9A1E7A4F7556}") = "Seeker.Persistence.Database", "src\Services\Seeker\AplicacionDbContext\Seeker.Persistence.Database\Seeker.Persistence.Database.csproj", "{AC1EB5AC-C03D-4260-A931-9A43CBF0F4FE}"
EndProject
Project("{9A19103F-16F7-4668-BE54-9A1E7A4F7556}") = "Seeker.Services.Quieries", "src\Services\Seeker\Seeker.Services.Quieries\Seeker.Services.Quieries.csproj", "{A9DC9215-9A26-48A6-A8BF-C1938854256A}"
EndProject
Project("{2150E333-8FDC-42A3-9474-1A3956D46DE8}") = "Common", "Common", "{C860DC9F-2395-4268-9115-DBF6D21B5148}"
EndProject
Project("{9A19103F-16F7-4668-BE54-9A1E7A4F7556}") = "Service.Common.Collection", "src\Services\Service.Common.Collection\Service.Common.Collection.csproj", "{1822B8BE-DA46-4943-BE62-895598C4BBD9}"
EndProject
Project("{9A19103F-16F7-4668-BE54-9A1E7A4F7556}") = "Service.Common.Mapping", "src\Services\Service.Common.Mapping\Service.Common.Mapping.csproj", "{30938F98-067A-41D2-8C63-E4883A1CE202}"
EndProject
Project("{9A19103F-16F7-4668-BE54-9A1E7A4F7556}") = "Service.Common.Paging", "src\Services\Service.Common.Paging\Service.Common.Paging.csproj", "{460671EF-5F71-47E0-BE4D-8EBCFB9723CC}"
EndProject
Project("{2150E333-8FDC-42A3-9474-1A3956D46DE8}") = "01. Api", "01. Api", "{DF7A538F-4DC0-4DB7-807E-28BD3FD0493E}"
EndProject
Project("{2150E333-8FDC-42A3-9474-1A3956D46DE8}") = "02. Services", "02. Services", "{70D43B7D-9991-4DC6-B3F9-F8D36E4F387E}"
EndProject
Project("{2150E333-8FDC-42A3-9474-1A3956D46DE8}") = "01. Api", "01. Api", "{1A09794D-7630-4957-B6DE-EDF9AF306D75}"
EndProject
Project("{2150E333-8FDC-42A3-9474-1A3956D46DE8}") = "02. Services", "02. Services", "{8BA38D1A-08B0-45AF-8EC7-EB38D1794B58}"
EndProject
Project("{2150E333-8FDC-42A3-9474-1A3956D46DE8}") = "01. Api", "01. Api", "{90CF3381-E86F-4101-810B-B6B11B9F7020}"
EndProject
Project("{2150E333-8FDC-42A3-9474-1A3956D46DE8}") = "02. Services", "02. Services", "{DF040681-326E-4EF0-94C8-8A79553D55CA}"
EndProject
Project("{2150E333-8FDC-42A3-9474-1A3956D46DE8}") = "03. Persistence", "03. Persistence", "{3CCB5130-6F28-4631-BC83-11E3D8E7BFA2}"
EndProject
Project("{2150E333-8FDC-42A3-9474-1A3956D46DE8}") = "04. Models", "04. Models", "{BAB3B228-D782-47F0-919F-7E3F2BA9E7DD}"
EndProject
Project("{9A19103F-16F7-4668-BE54-9A1E7A4F7556}") = "Optimizer.Api", "src\Services\Optimizer\Optimizer.Api\Optimizer.Api.csproj", "{8CA85A06-DBE9-4080-BAC0-1B62F7E5E580}"
EndProject
Project("{9A19103F-16F7-4668-BE54-9A1E7A4F7556}") = "Generator.Api", "src\Services\Generator\Generator.Api\Generator.Api.csproj", "{C481B4BB-68CC-4A37-91E6-D13FE9626271}"
EndProject
Project("{9A19103F-16F7-4668-BE54-9A1E7A4F7556}") = "Seeker.Services.EventHandlers", "src\Services\Seeker\Seeker.Services.EventHandlers\Seeker.Services.EventHandlers.csproj", "{C9D64F31-EE59-4F9C-A466-A70E5384AAF3}"
EndProject
Project("{9A19103F-16F7-4668-BE54-9A1E7A4F7556}") = "Generator.Services.SendtoSeeker", "src\Services\Generator\Generator.Servies.EventHandlers\Generator.Services.SendtoSeeker.csproj", "{BE1FEB0A-D6B4-48AB-9F43-25848B8DED20}"
EndProject
Project("{9A19103F-16F7-4668-BE54-9A1E7A4F7556}") = "Generator.Services.Proxies", "src\Services\Generator\Generator.Services.Proxies\Generator.Services.Proxies.csproj", "{05A2520E-DDA6-4611-A329-BC3B61500DC6}"
EndProject
Project("{9A19103F-16F7-4668-BE54-9A1E7A4F7556}") = "Optimizer.Services.SendtoSeeker", "src\Services\Optimizer\Optimizer.Services.EventHandlers\Optimizer.Services.SendtoSeeker.csproj", "{52C87492-6922-4A25-BCF9-531753F47E23}"
EndProject
Project("{9A19103F-16F7-4668-BE54-9A1E7A4F7556}") = "Optimizer.Services.Proxies", "src\Services\Optimizer\Optimizer.Services.Proxies2\Optimizer.Services.Proxies\Optimizer.Services.Proxies.csproj", "{E7B89A69-2513-40AA-A3FF-AF8AC4888EFA}"
EndProject
Project("{9A19103F-16F7-4668-BE54-9A1E7A4F7556}") = "Seeker.Services.Send", "src\Services\Seeker\Seeker.Services.SendtoGenerator\Seeker.Services.Send.csproj", "{FAB1429C-4A29-4D75-B4B8-03A61AD7ACB4}"
EndProject
Project("{9A19103F-16F7-4668-BE54-9A1E7A4F7556}") = "Generator.Services.business_logic", "src\Services\Generator\business_logic\Generator.Services.business_logic.csproj", "{0D6234FF-67C2-4093-9B0E-ECB6EFE3DA65}"
EndProject
Project("{9A19103F-16F7-4668-BE54-9A1E7A4F7556}") = "Optimizer.Services.BusinessLogic", "src\Services\Optimizer\Optimizer.Services.BusinessLogic\Optimizer.Services.BusinessLogic.csproj", "{B0B5648C-26EB-420A-850A-D5C3FE382B9E}"
EndProject
Project("{9A19103F-16F7-4668-BE54-9A1E7A4F7556}") = "Seeker.Services.Proxies", "src\Services\Seeker\Seeker.Services.Proxies\Seeker.Services.Proxies.csproj", "{68F1567A-5BA6-4910-90AA-12609BA02445}"
EndProject
Project("{9A19103F-16F7-4668-BE54-9A1E7A4F7556}") = "Seeker.Services.Switch", "src\Services\Seeker\Seeker.Services.Switch\Seeker.Services.Switch.csproj", "{6B4BCF5F-79EC-4B4E-AB51-7DFB40039C13}"
EndProject
Global
	GlobalSection(SolutionConfigurationPlatforms) = preSolution
		Debug|Any CPU = Debug|Any CPU
		Debug|x86 = Debug|x86
		Release|Any CPU = Release|Any CPU
		Release|x86 = Release|x86
	EndGlobalSection
	GlobalSection(ProjectConfigurationPlatforms) = postSolution
		{62E0E379-9EB7-41B3-9273-B285BD7960EC}.Debug|Any CPU.ActiveCfg = Debug|Any CPU
		{62E0E379-9EB7-41B3-9273-B285BD7960EC}.Debug|Any CPU.Build.0 = Debug|Any CPU
		{62E0E379-9EB7-41B3-9273-B285BD7960EC}.Debug|x86.ActiveCfg = Debug|Any CPU
		{62E0E379-9EB7-41B3-9273-B285BD7960EC}.Debug|x86.Build.0 = Debug|Any CPU
		{62E0E379-9EB7-41B3-9273-B285BD7960EC}.Release|Any CPU.ActiveCfg = Release|Any CPU
		{62E0E379-9EB7-41B3-9273-B285BD7960EC}.Release|Any CPU.Build.0 = Release|Any CPU
		{62E0E379-9EB7-41B3-9273-B285BD7960EC}.Release|x86.ActiveCfg = Release|Any CPU
		{62E0E379-9EB7-41B3-9273-B285BD7960EC}.Release|x86.Build.0 = Release|Any CPU
		{5661E6CB-D866-494C-92A7-8A99B1BBB59A}.Debug|Any CPU.ActiveCfg = Debug|Any CPU
		{5661E6CB-D866-494C-92A7-8A99B1BBB59A}.Debug|Any CPU.Build.0 = Debug|Any CPU
		{5661E6CB-D866-494C-92A7-8A99B1BBB59A}.Debug|x86.ActiveCfg = Debug|Any CPU
		{5661E6CB-D866-494C-92A7-8A99B1BBB59A}.Debug|x86.Build.0 = Debug|Any CPU
		{5661E6CB-D866-494C-92A7-8A99B1BBB59A}.Release|Any CPU.ActiveCfg = Release|Any CPU
		{5661E6CB-D866-494C-92A7-8A99B1BBB59A}.Release|Any CPU.Build.0 = Release|Any CPU
		{5661E6CB-D866-494C-92A7-8A99B1BBB59A}.Release|x86.ActiveCfg = Release|Any CPU
		{5661E6CB-D866-494C-92A7-8A99B1BBB59A}.Release|x86.Build.0 = Release|Any CPU
		{AC1EB5AC-C03D-4260-A931-9A43CBF0F4FE}.Debug|Any CPU.ActiveCfg = Debug|Any CPU
		{AC1EB5AC-C03D-4260-A931-9A43CBF0F4FE}.Debug|Any CPU.Build.0 = Debug|Any CPU
		{AC1EB5AC-C03D-4260-A931-9A43CBF0F4FE}.Debug|x86.ActiveCfg = Debug|Any CPU
		{AC1EB5AC-C03D-4260-A931-9A43CBF0F4FE}.Debug|x86.Build.0 = Debug|Any CPU
		{AC1EB5AC-C03D-4260-A931-9A43CBF0F4FE}.Release|Any CPU.ActiveCfg = Release|Any CPU
		{AC1EB5AC-C03D-4260-A931-9A43CBF0F4FE}.Release|Any CPU.Build.0 = Release|Any CPU
		{AC1EB5AC-C03D-4260-A931-9A43CBF0F4FE}.Release|x86.ActiveCfg = Release|Any CPU
		{AC1EB5AC-C03D-4260-A931-9A43CBF0F4FE}.Release|x86.Build.0 = Release|Any CPU
		{A9DC9215-9A26-48A6-A8BF-C1938854256A}.Debug|Any CPU.ActiveCfg = Debug|Any CPU
		{A9DC9215-9A26-48A6-A8BF-C1938854256A}.Debug|Any CPU.Build.0 = Debug|Any CPU
		{A9DC9215-9A26-48A6-A8BF-C1938854256A}.Debug|x86.ActiveCfg = Debug|Any CPU
		{A9DC9215-9A26-48A6-A8BF-C1938854256A}.Debug|x86.Build.0 = Debug|Any CPU
		{A9DC9215-9A26-48A6-A8BF-C1938854256A}.Release|Any CPU.ActiveCfg = Release|Any CPU
		{A9DC9215-9A26-48A6-A8BF-C1938854256A}.Release|Any CPU.Build.0 = Release|Any CPU
		{A9DC9215-9A26-48A6-A8BF-C1938854256A}.Release|x86.ActiveCfg = Release|Any CPU
		{A9DC9215-9A26-48A6-A8BF-C1938854256A}.Release|x86.Build.0 = Release|Any CPU
		{1822B8BE-DA46-4943-BE62-895598C4BBD9}.Debug|Any CPU.ActiveCfg = Debug|Any CPU
		{1822B8BE-DA46-4943-BE62-895598C4BBD9}.Debug|Any CPU.Build.0 = Debug|Any CPU
		{1822B8BE-DA46-4943-BE62-895598C4BBD9}.Debug|x86.ActiveCfg = Debug|Any CPU
		{1822B8BE-DA46-4943-BE62-895598C4BBD9}.Debug|x86.Build.0 = Debug|Any CPU
		{1822B8BE-DA46-4943-BE62-895598C4BBD9}.Release|Any CPU.ActiveCfg = Release|Any CPU
		{1822B8BE-DA46-4943-BE62-895598C4BBD9}.Release|Any CPU.Build.0 = Release|Any CPU
		{1822B8BE-DA46-4943-BE62-895598C4BBD9}.Release|x86.ActiveCfg = Release|Any CPU
		{1822B8BE-DA46-4943-BE62-895598C4BBD9}.Release|x86.Build.0 = Release|Any CPU
		{30938F98-067A-41D2-8C63-E4883A1CE202}.Debug|Any CPU.ActiveCfg = Debug|Any CPU
		{30938F98-067A-41D2-8C63-E4883A1CE202}.Debug|Any CPU.Build.0 = Debug|Any CPU
		{30938F98-067A-41D2-8C63-E4883A1CE202}.Debug|x86.ActiveCfg = Debug|Any CPU
		{30938F98-067A-41D2-8C63-E4883A1CE202}.Debug|x86.Build.0 = Debug|Any CPU
		{30938F98-067A-41D2-8C63-E4883A1CE202}.Release|Any CPU.ActiveCfg = Release|Any CPU
		{30938F98-067A-41D2-8C63-E4883A1CE202}.Release|Any CPU.Build.0 = Release|Any CPU
		{30938F98-067A-41D2-8C63-E4883A1CE202}.Release|x86.ActiveCfg = Release|Any CPU
		{30938F98-067A-41D2-8C63-E4883A1CE202}.Release|x86.Build.0 = Release|Any CPU
		{460671EF-5F71-47E0-BE4D-8EBCFB9723CC}.Debug|Any CPU.ActiveCfg = Debug|Any CPU
		{460671EF-5F71-47E0-BE4D-8EBCFB9723CC}.Debug|Any CPU.Build.0 = Debug|Any CPU
		{460671EF-5F71-47E0-BE4D-8EBCFB9723CC}.Debug|x86.ActiveCfg = Debug|Any CPU
		{460671EF-5F71-47E0-BE4D-8EBCFB9723CC}.Debug|x86.Build.0 = Debug|Any CPU
		{460671EF-5F71-47E0-BE4D-8EBCFB9723CC}.Release|Any CPU.ActiveCfg = Release|Any CPU
		{460671EF-5F71-47E0-BE4D-8EBCFB9723CC}.Release|Any CPU.Build.0 = Release|Any CPU
		{460671EF-5F71-47E0-BE4D-8EBCFB9723CC}.Release|x86.ActiveCfg = Release|Any CPU
		{460671EF-5F71-47E0-BE4D-8EBCFB9723CC}.Release|x86.Build.0 = Release|Any CPU
		{8CA85A06-DBE9-4080-BAC0-1B62F7E5E580}.Debug|Any CPU.ActiveCfg = Debug|Any CPU
		{8CA85A06-DBE9-4080-BAC0-1B62F7E5E580}.Debug|Any CPU.Build.0 = Debug|Any CPU
		{8CA85A06-DBE9-4080-BAC0-1B62F7E5E580}.Debug|x86.ActiveCfg = Debug|Any CPU
		{8CA85A06-DBE9-4080-BAC0-1B62F7E5E580}.Debug|x86.Build.0 = Debug|Any CPU
		{8CA85A06-DBE9-4080-BAC0-1B62F7E5E580}.Release|Any CPU.ActiveCfg = Release|Any CPU
		{8CA85A06-DBE9-4080-BAC0-1B62F7E5E580}.Release|Any CPU.Build.0 = Release|Any CPU
		{8CA85A06-DBE9-4080-BAC0-1B62F7E5E580}.Release|x86.ActiveCfg = Release|Any CPU
		{8CA85A06-DBE9-4080-BAC0-1B62F7E5E580}.Release|x86.Build.0 = Release|Any CPU
		{C481B4BB-68CC-4A37-91E6-D13FE9626271}.Debug|Any CPU.ActiveCfg = Debug|Any CPU
		{C481B4BB-68CC-4A37-91E6-D13FE9626271}.Debug|Any CPU.Build.0 = Debug|Any CPU
		{C481B4BB-68CC-4A37-91E6-D13FE9626271}.Debug|x86.ActiveCfg = Debug|Any CPU
		{C481B4BB-68CC-4A37-91E6-D13FE9626271}.Debug|x86.Build.0 = Debug|Any CPU
		{C481B4BB-68CC-4A37-91E6-D13FE9626271}.Release|Any CPU.ActiveCfg = Release|Any CPU
		{C481B4BB-68CC-4A37-91E6-D13FE9626271}.Release|Any CPU.Build.0 = Release|Any CPU
		{C481B4BB-68CC-4A37-91E6-D13FE9626271}.Release|x86.ActiveCfg = Release|Any CPU
		{C481B4BB-68CC-4A37-91E6-D13FE9626271}.Release|x86.Build.0 = Release|Any CPU
		{C9D64F31-EE59-4F9C-A466-A70E5384AAF3}.Debug|Any CPU.ActiveCfg = Debug|Any CPU
		{C9D64F31-EE59-4F9C-A466-A70E5384AAF3}.Debug|Any CPU.Build.0 = Debug|Any CPU
		{C9D64F31-EE59-4F9C-A466-A70E5384AAF3}.Debug|x86.ActiveCfg = Debug|Any CPU
		{C9D64F31-EE59-4F9C-A466-A70E5384AAF3}.Debug|x86.Build.0 = Debug|Any CPU
		{C9D64F31-EE59-4F9C-A466-A70E5384AAF3}.Release|Any CPU.ActiveCfg = Release|Any CPU
		{C9D64F31-EE59-4F9C-A466-A70E5384AAF3}.Release|Any CPU.Build.0 = Release|Any CPU
		{C9D64F31-EE59-4F9C-A466-A70E5384AAF3}.Release|x86.ActiveCfg = Release|Any CPU
		{C9D64F31-EE59-4F9C-A466-A70E5384AAF3}.Release|x86.Build.0 = Release|Any CPU
		{BE1FEB0A-D6B4-48AB-9F43-25848B8DED20}.Debug|Any CPU.ActiveCfg = Debug|Any CPU
		{BE1FEB0A-D6B4-48AB-9F43-25848B8DED20}.Debug|Any CPU.Build.0 = Debug|Any CPU
		{BE1FEB0A-D6B4-48AB-9F43-25848B8DED20}.Debug|x86.ActiveCfg = Debug|Any CPU
		{BE1FEB0A-D6B4-48AB-9F43-25848B8DED20}.Debug|x86.Build.0 = Debug|Any CPU
		{BE1FEB0A-D6B4-48AB-9F43-25848B8DED20}.Release|Any CPU.ActiveCfg = Release|Any CPU
		{BE1FEB0A-D6B4-48AB-9F43-25848B8DED20}.Release|Any CPU.Build.0 = Release|Any CPU
		{BE1FEB0A-D6B4-48AB-9F43-25848B8DED20}.Release|x86.ActiveCfg = Release|Any CPU
		{BE1FEB0A-D6B4-48AB-9F43-25848B8DED20}.Release|x86.Build.0 = Release|Any CPU
		{05A2520E-DDA6-4611-A329-BC3B61500DC6}.Debug|Any CPU.ActiveCfg = Debug|Any CPU
		{05A2520E-DDA6-4611-A329-BC3B61500DC6}.Debug|Any CPU.Build.0 = Debug|Any CPU
		{05A2520E-DDA6-4611-A329-BC3B61500DC6}.Debug|x86.ActiveCfg = Debug|Any CPU
		{05A2520E-DDA6-4611-A329-BC3B61500DC6}.Debug|x86.Build.0 = Debug|Any CPU
		{05A2520E-DDA6-4611-A329-BC3B61500DC6}.Release|Any CPU.ActiveCfg = Release|Any CPU
		{05A2520E-DDA6-4611-A329-BC3B61500DC6}.Release|Any CPU.Build.0 = Release|Any CPU
		{05A2520E-DDA6-4611-A329-BC3B61500DC6}.Release|x86.ActiveCfg = Release|Any CPU
		{05A2520E-DDA6-4611-A329-BC3B61500DC6}.Release|x86.Build.0 = Release|Any CPU
		{52C87492-6922-4A25-BCF9-531753F47E23}.Debug|Any CPU.ActiveCfg = Debug|Any CPU
		{52C87492-6922-4A25-BCF9-531753F47E23}.Debug|Any CPU.Build.0 = Debug|Any CPU
		{52C87492-6922-4A25-BCF9-531753F47E23}.Debug|x86.ActiveCfg = Debug|Any CPU
		{52C87492-6922-4A25-BCF9-531753F47E23}.Debug|x86.Build.0 = Debug|Any CPU
		{52C87492-6922-4A25-BCF9-531753F47E23}.Release|Any CPU.ActiveCfg = Release|Any CPU
		{52C87492-6922-4A25-BCF9-531753F47E23}.Release|Any CPU.Build.0 = Release|Any CPU
		{52C87492-6922-4A25-BCF9-531753F47E23}.Release|x86.ActiveCfg = Release|Any CPU
		{52C87492-6922-4A25-BCF9-531753F47E23}.Release|x86.Build.0 = Release|Any CPU
		{E7B89A69-2513-40AA-A3FF-AF8AC4888EFA}.Debug|Any CPU.ActiveCfg = Debug|Any CPU
		{E7B89A69-2513-40AA-A3FF-AF8AC4888EFA}.Debug|Any CPU.Build.0 = Debug|Any CPU
		{E7B89A69-2513-40AA-A3FF-AF8AC4888EFA}.Debug|x86.ActiveCfg = Debug|Any CPU
		{E7B89A69-2513-40AA-A3FF-AF8AC4888EFA}.Debug|x86.Build.0 = Debug|Any CPU
		{E7B89A69-2513-40AA-A3FF-AF8AC4888EFA}.Release|Any CPU.ActiveCfg = Release|Any CPU
		{E7B89A69-2513-40AA-A3FF-AF8AC4888EFA}.Release|Any CPU.Build.0 = Release|Any CPU
		{E7B89A69-2513-40AA-A3FF-AF8AC4888EFA}.Release|x86.ActiveCfg = Release|Any CPU
		{E7B89A69-2513-40AA-A3FF-AF8AC4888EFA}.Release|x86.Build.0 = Release|Any CPU
		{FAB1429C-4A29-4D75-B4B8-03A61AD7ACB4}.Debug|Any CPU.ActiveCfg = Debug|Any CPU
		{FAB1429C-4A29-4D75-B4B8-03A61AD7ACB4}.Debug|Any CPU.Build.0 = Debug|Any CPU
		{FAB1429C-4A29-4D75-B4B8-03A61AD7ACB4}.Debug|x86.ActiveCfg = Debug|Any CPU
		{FAB1429C-4A29-4D75-B4B8-03A61AD7ACB4}.Debug|x86.Build.0 = Debug|Any CPU
		{FAB1429C-4A29-4D75-B4B8-03A61AD7ACB4}.Release|Any CPU.ActiveCfg = Release|Any CPU
		{FAB1429C-4A29-4D75-B4B8-03A61AD7ACB4}.Release|Any CPU.Build.0 = Release|Any CPU
		{FAB1429C-4A29-4D75-B4B8-03A61AD7ACB4}.Release|x86.ActiveCfg = Release|Any CPU
		{FAB1429C-4A29-4D75-B4B8-03A61AD7ACB4}.Release|x86.Build.0 = Release|Any CPU
		{0D6234FF-67C2-4093-9B0E-ECB6EFE3DA65}.Debug|Any CPU.ActiveCfg = Debug|Any CPU
		{0D6234FF-67C2-4093-9B0E-ECB6EFE3DA65}.Debug|Any CPU.Build.0 = Debug|Any CPU
		{0D6234FF-67C2-4093-9B0E-ECB6EFE3DA65}.Debug|x86.ActiveCfg = Debug|Any CPU
		{0D6234FF-67C2-4093-9B0E-ECB6EFE3DA65}.Debug|x86.Build.0 = Debug|Any CPU
		{0D6234FF-67C2-4093-9B0E-ECB6EFE3DA65}.Release|Any CPU.ActiveCfg = Release|Any CPU
		{0D6234FF-67C2-4093-9B0E-ECB6EFE3DA65}.Release|Any CPU.Build.0 = Release|Any CPU
		{0D6234FF-67C2-4093-9B0E-ECB6EFE3DA65}.Release|x86.ActiveCfg = Release|Any CPU
		{0D6234FF-67C2-4093-9B0E-ECB6EFE3DA65}.Release|x86.Build.0 = Release|Any CPU
		{B0B5648C-26EB-420A-850A-D5C3FE382B9E}.Debug|Any CPU.ActiveCfg = Debug|Any CPU
		{B0B5648C-26EB-420A-850A-D5C3FE382B9E}.Debug|Any CPU.Build.0 = Debug|Any CPU
		{B0B5648C-26EB-420A-850A-D5C3FE382B9E}.Debug|x86.ActiveCfg = Debug|Any CPU
		{B0B5648C-26EB-420A-850A-D5C3FE382B9E}.Debug|x86.Build.0 = Debug|Any CPU
		{B0B5648C-26EB-420A-850A-D5C3FE382B9E}.Release|Any CPU.ActiveCfg = Release|Any CPU
		{B0B5648C-26EB-420A-850A-D5C3FE382B9E}.Release|Any CPU.Build.0 = Release|Any CPU
		{B0B5648C-26EB-420A-850A-D5C3FE382B9E}.Release|x86.ActiveCfg = Release|Any CPU
		{B0B5648C-26EB-420A-850A-D5C3FE382B9E}.Release|x86.Build.0 = Release|Any CPU
		{68F1567A-5BA6-4910-90AA-12609BA02445}.Debug|Any CPU.ActiveCfg = Debug|Any CPU
		{68F1567A-5BA6-4910-90AA-12609BA02445}.Debug|Any CPU.Build.0 = Debug|Any CPU
		{68F1567A-5BA6-4910-90AA-12609BA02445}.Debug|x86.ActiveCfg = Debug|Any CPU
		{68F1567A-5BA6-4910-90AA-12609BA02445}.Debug|x86.Build.0 = Debug|Any CPU
		{68F1567A-5BA6-4910-90AA-12609BA02445}.Release|Any CPU.ActiveCfg = Release|Any CPU
		{68F1567A-5BA6-4910-90AA-12609BA02445}.Release|Any CPU.Build.0 = Release|Any CPU
		{68F1567A-5BA6-4910-90AA-12609BA02445}.Release|x86.ActiveCfg = Release|Any CPU
		{68F1567A-5BA6-4910-90AA-12609BA02445}.Release|x86.Build.0 = Release|Any CPU
		{6B4BCF5F-79EC-4B4E-AB51-7DFB40039C13}.Debug|Any CPU.ActiveCfg = Debug|Any CPU
		{6B4BCF5F-79EC-4B4E-AB51-7DFB40039C13}.Debug|Any CPU.Build.0 = Debug|Any CPU
		{6B4BCF5F-79EC-4B4E-AB51-7DFB40039C13}.Debug|x86.ActiveCfg = Debug|Any CPU
		{6B4BCF5F-79EC-4B4E-AB51-7DFB40039C13}.Debug|x86.Build.0 = Debug|Any CPU
		{6B4BCF5F-79EC-4B4E-AB51-7DFB40039C13}.Release|Any CPU.ActiveCfg = Release|Any CPU
		{6B4BCF5F-79EC-4B4E-AB51-7DFB40039C13}.Release|Any CPU.Build.0 = Release|Any CPU
		{6B4BCF5F-79EC-4B4E-AB51-7DFB40039C13}.Release|x86.ActiveCfg = Release|Any CPU
		{6B4BCF5F-79EC-4B4E-AB51-7DFB40039C13}.Release|x86.Build.0 = Release|Any CPU
	EndGlobalSection
	GlobalSection(SolutionProperties) = preSolution
		HideSolutionNode = FALSE
	EndGlobalSection
	GlobalSection(NestedProjects) = preSolution
		{E1E042EE-EB0C-4CB9-800A-BA2C4351E9E1} = {28F9733F-0D3D-449B-B0EE-A709F3CEDA96}
		{79629E1D-1758-41B7-A08B-5AF42F1F99D8} = {28F9733F-0D3D-449B-B0EE-A709F3CEDA96}
		{F5B43061-22EC-4160-9E88-9BEBC6F0E366} = {28F9733F-0D3D-449B-B0EE-A709F3CEDA96}
		{04203D90-C67B-4400-875B-F5A5B1846264} = {28F9733F-0D3D-449B-B0EE-A709F3CEDA96}
		{877924EB-C329-4126-8425-47DC849865DD} = {04203D90-C67B-4400-875B-F5A5B1846264}
		{2F49DD0E-5AC5-479D-BD04-BD62A68D27F9} = {04203D90-C67B-4400-875B-F5A5B1846264}
		{D740DD3F-A70C-433A-8467-3FE241AE78AE} = {04203D90-C67B-4400-875B-F5A5B1846264}
		{8214CD17-91A6-45B9-908A-D10EECB068B1} = {04203D90-C67B-4400-875B-F5A5B1846264}
		{62E0E379-9EB7-41B3-9273-B285BD7960EC} = {877924EB-C329-4126-8425-47DC849865DD}
		{5661E6CB-D866-494C-92A7-8A99B1BBB59A} = {8214CD17-91A6-45B9-908A-D10EECB068B1}
		{AC1EB5AC-C03D-4260-A931-9A43CBF0F4FE} = {D740DD3F-A70C-433A-8467-3FE241AE78AE}
		{A9DC9215-9A26-48A6-A8BF-C1938854256A} = {2F49DD0E-5AC5-479D-BD04-BD62A68D27F9}
		{C860DC9F-2395-4268-9115-DBF6D21B5148} = {28F9733F-0D3D-449B-B0EE-A709F3CEDA96}
		{1822B8BE-DA46-4943-BE62-895598C4BBD9} = {C860DC9F-2395-4268-9115-DBF6D21B5148}
		{30938F98-067A-41D2-8C63-E4883A1CE202} = {C860DC9F-2395-4268-9115-DBF6D21B5148}
		{460671EF-5F71-47E0-BE4D-8EBCFB9723CC} = {C860DC9F-2395-4268-9115-DBF6D21B5148}
		{DF7A538F-4DC0-4DB7-807E-28BD3FD0493E} = {F5B43061-22EC-4160-9E88-9BEBC6F0E366}
		{70D43B7D-9991-4DC6-B3F9-F8D36E4F387E} = {F5B43061-22EC-4160-9E88-9BEBC6F0E366}
		{1A09794D-7630-4957-B6DE-EDF9AF306D75} = {79629E1D-1758-41B7-A08B-5AF42F1F99D8}
		{8BA38D1A-08B0-45AF-8EC7-EB38D1794B58} = {79629E1D-1758-41B7-A08B-5AF42F1F99D8}
		{90CF3381-E86F-4101-810B-B6B11B9F7020} = {E1E042EE-EB0C-4CB9-800A-BA2C4351E9E1}
		{DF040681-326E-4EF0-94C8-8A79553D55CA} = {E1E042EE-EB0C-4CB9-800A-BA2C4351E9E1}
		{3CCB5130-6F28-4631-BC83-11E3D8E7BFA2} = {E1E042EE-EB0C-4CB9-800A-BA2C4351E9E1}
		{BAB3B228-D782-47F0-919F-7E3F2BA9E7DD} = {E1E042EE-EB0C-4CB9-800A-BA2C4351E9E1}
		{8CA85A06-DBE9-4080-BAC0-1B62F7E5E580} = {DF7A538F-4DC0-4DB7-807E-28BD3FD0493E}
		{C481B4BB-68CC-4A37-91E6-D13FE9626271} = {1A09794D-7630-4957-B6DE-EDF9AF306D75}
		{C9D64F31-EE59-4F9C-A466-A70E5384AAF3} = {2F49DD0E-5AC5-479D-BD04-BD62A68D27F9}
		{BE1FEB0A-D6B4-48AB-9F43-25848B8DED20} = {8BA38D1A-08B0-45AF-8EC7-EB38D1794B58}
		{05A2520E-DDA6-4611-A329-BC3B61500DC6} = {8BA38D1A-08B0-45AF-8EC7-EB38D1794B58}
		{52C87492-6922-4A25-BCF9-531753F47E23} = {70D43B7D-9991-4DC6-B3F9-F8D36E4F387E}
		{E7B89A69-2513-40AA-A3FF-AF8AC4888EFA} = {70D43B7D-9991-4DC6-B3F9-F8D36E4F387E}
		{FAB1429C-4A29-4D75-B4B8-03A61AD7ACB4} = {2F49DD0E-5AC5-479D-BD04-BD62A68D27F9}
		{0D6234FF-67C2-4093-9B0E-ECB6EFE3DA65} = {8BA38D1A-08B0-45AF-8EC7-EB38D1794B58}
		{B0B5648C-26EB-420A-850A-D5C3FE382B9E} = {70D43B7D-9991-4DC6-B3F9-F8D36E4F387E}
		{68F1567A-5BA6-4910-90AA-12609BA02445} = {2F49DD0E-5AC5-479D-BD04-BD62A68D27F9}
		{6B4BCF5F-79EC-4B4E-AB51-7DFB40039C13} = {2F49DD0E-5AC5-479D-BD04-BD62A68D27F9}
	EndGlobalSection
	GlobalSection(ExtensibilityGlobals) = postSolution
		SolutionGuid = {51521ED1-C029-4E7B-8EF2-8C440DF7FF36}
	EndGlobalSection
EndGlobal
